
Microsoft Visual Studio Solution File, Format Version 12.00
# Visual Studio Version 16
VisualStudioVersion = 16.0.30804.86
MinimumVisualStudioVersion = 10.0.40219.1
Project("{FAE04EC0-301F-11D3-BF4B-00C04F79EFBC}") = "DAM2.Shared", "DAM2.Shared.csproj", "{4793F723-4683-442B-9397-1C4D175537A7}"
EndProject
Global
	GlobalSection(SolutionConfigurationPlatforms) = preSolution
		Debug|Any CPU = Debug|Any CPU
		Release|Any CPU = Release|Any CPU
	EndGlobalSection
	GlobalSection(ProjectConfigurationPlatforms) = postSolution
		{4793F723-4683-442B-9397-1C4D175537A7}.Debug|Any CPU.ActiveCfg = Debug|Any CPU
		{4793F723-4683-442B-9397-1C4D175537A7}.Debug|Any CPU.Build.0 = Debug|Any CPU
		{4793F723-4683-442B-9397-1C4D175537A7}.Release|Any CPU.ActiveCfg = Release|Any CPU
		{4793F723-4683-442B-9397-1C4D175537A7}.Release|Any CPU.Build.0 = Release|Any CPU
	EndGlobalSection
	GlobalSection(SolutionProperties) = preSolution
		HideSolutionNode = FALSE
	EndGlobalSection
	GlobalSection(ExtensibilityGlobals) = postSolution
		SolutionGuid = {7D063F43-D07C-4E8B-AB09-B3012652BDB8}
	EndGlobalSection
EndGlobal
