
Microsoft Visual Studio Solution File, Format Version 12.00
# Visual Studio Version 16
VisualStudioVersion = 16.0.30804.86
MinimumVisualStudioVersion = 10.0.40219.1
Project("{9A19103F-16F7-4668-BE54-9A1E7A4F7556}") = "DAM2.Shared", "Shared\DAM2.Shared.csproj", "{31AEBDAC-60E6-432A-A8AC-E83075D1D145}"
EndProject
Global
	GlobalSection(SolutionConfigurationPlatforms) = preSolution
		Debug|Any CPU = Debug|Any CPU
		Release|Any CPU = Release|Any CPU
	EndGlobalSection
	GlobalSection(ProjectConfigurationPlatforms) = postSolution
		{31AEBDAC-60E6-432A-A8AC-E83075D1D145}.Debug|Any CPU.ActiveCfg = Debug|Any CPU
		{31AEBDAC-60E6-432A-A8AC-E83075D1D145}.Debug|Any CPU.Build.0 = Debug|Any CPU
		{31AEBDAC-60E6-432A-A8AC-E83075D1D145}.Release|Any CPU.ActiveCfg = Release|Any CPU
		{31AEBDAC-60E6-432A-A8AC-E83075D1D145}.Release|Any CPU.Build.0 = Release|Any CPU
	EndGlobalSection
	GlobalSection(SolutionProperties) = preSolution
		HideSolutionNode = FALSE
	EndGlobalSection
	GlobalSection(ExtensibilityGlobals) = postSolution
		SolutionGuid = {7D063F43-D07C-4E8B-AB09-B3012652BDB8}
	EndGlobalSection
EndGlobal
